<?xml version="1.0" encoding="UTF-8"?>
<!DOCTYPE plist PUBLIC "-//Apple//DTD PLIST 1.0//EN" "http://www.apple.com/DTDs/PropertyList-1.0.dtd">
<plist version="1.0">
<dict>
	<key>archiveVersion</key>
	<string>1</string>
	<key>classes</key>
	<dict/>
	<key>objectVersion</key>
	<string>46</string>
	<key>objects</key>
	<dict>
		<key>02B885538FC4497EB3396399</key>
		<dict>
			<key>buildActionMask</key>
			<string>2147483647</string>
			<key>files</key>
			<array/>
			<key>inputPaths</key>
			<array/>
			<key>isa</key>
			<string>PBXShellScriptBuildPhase</string>
			<key>name</key>
			<string>Check Pods Manifest.lock</string>
			<key>outputPaths</key>
			<array/>
			<key>runOnlyForDeploymentPostprocessing</key>
			<string>0</string>
			<key>shellPath</key>
			<string>/bin/sh</string>
			<key>shellScript</key>
			<string>diff "${PODS_ROOT}/../Podfile.lock" "${PODS_ROOT}/Manifest.lock" &gt; /dev/null
if [[ $? != 0 ]] ; then
    cat &lt;&lt; EOM
error: The sandbox is not in sync with the Podfile.lock. Run 'pod install' or update your CocoaPods installation.
EOM
    exit 1
fi
</string>
			<key>showEnvVarsInLog</key>
			<string>0</string>
		</dict>
		<key>110A8A7814E9A30A0013AC07</key>
		<dict>
			<key>children</key>
			<array>
				<string>DA0619AE16A312E200DB4BB8</string>
				<string>DA0619AC16A3127300DB4BB8</string>
				<string>1133748E169ACF5A003E2CE9</string>
				<string>11337496169AD3AF003E2CE9</string>
				<string>11337490169ACF5F003E2CE9</string>
				<string>118543C114E9AC20001761CB</string>
				<string>110A8A8D14E9A30C0013AC07</string>
				<string>113DA6AA18452BF5005700B7</string>
				<string>110A8A8614E9A30C0013AC07</string>
				<string>110A8A8414E9A30C0013AC07</string>
				<string>F5F6E4C8F822BBA6689AA215</string>
			</array>
			<key>isa</key>
			<string>PBXGroup</string>
			<key>sourceTree</key>
			<string>&lt;group&gt;</string>
		</dict>
		<key>110A8A7A14E9A30A0013AC07</key>
		<dict>
			<key>attributes</key>
			<dict>
				<key>LastUpgradeCheck</key>
				<string>0420</string>
				<key>TargetAttributes</key>
				<dict>
					<key>113DA6A418452BF4005700B7</key>
					<dict>
						<key>TestTargetID</key>
						<string>110A8A8214E9A30B0013AC07</string>
					</dict>
				</dict>
			</dict>
			<key>buildConfigurationList</key>
			<string>110A8A7D14E9A30A0013AC07</string>
			<key>compatibilityVersion</key>
			<string>Xcode 3.2</string>
			<key>developmentRegion</key>
			<string>English</string>
			<key>hasScannedForEncodings</key>
			<string>0</string>
			<key>isa</key>
			<string>PBXProject</string>
			<key>knownRegions</key>
			<array>
				<string>en</string>
			</array>
			<key>mainGroup</key>
			<string>110A8A7814E9A30A0013AC07</string>
			<key>productRefGroup</key>
			<string>110A8A8414E9A30C0013AC07</string>
			<key>projectDirPath</key>
			<string></string>
			<key>projectReferences</key>
			<array/>
			<key>projectRoot</key>
			<string></string>
			<key>targets</key>
			<array>
				<string>110A8A8214E9A30B0013AC07</string>
				<string>113DA6A418452BF4005700B7</string>
			</array>
		</dict>
		<key>110A8A7D14E9A30A0013AC07</key>
		<dict>
			<key>buildConfigurations</key>
			<array>
				<string>110A8A9914E9A30C0013AC07</string>
				<string>110A8A9A14E9A30C0013AC07</string>
			</array>
			<key>defaultConfigurationIsVisible</key>
			<string>0</string>
			<key>defaultConfigurationName</key>
			<string>Release</string>
			<key>isa</key>
			<string>XCConfigurationList</string>
		</dict>
		<key>110A8A7F14E9A30B0013AC07</key>
		<dict>
			<key>buildActionMask</key>
			<string>2147483647</string>
			<key>files</key>
			<array>
				<string>110A8A9414E9A30C0013AC07</string>
				<string>110A8A9814E9A30C0013AC07</string>
				<string>118543C614E9AC20001761CB</string>
				<string>1528782A1BB45C980084555C</string>
				<string>118543C714E9AC20001761CB</string>
				<string>118543EF14E9ACD2001761CB</string>
				<string>118543F414E9AFE0001761CB</string>
			</array>
			<key>isa</key>
			<string>PBXSourcesBuildPhase</string>
			<key>runOnlyForDeploymentPostprocessing</key>
			<string>0</string>
		</dict>
		<key>110A8A8014E9A30B0013AC07</key>
		<dict>
			<key>buildActionMask</key>
			<string>2147483647</string>
			<key>files</key>
			<array>
				<string>DA0619AF16A312E200DB4BB8</string>
				<string>DA0619AD16A3127300DB4BB8</string>
				<string>110A8A8814E9A30C0013AC07</string>
				<string>110A8A8A14E9A30C0013AC07</string>
				<string>110A8A8C14E9A30C0013AC07</string>
				<string>38D21F55D00F4BA7A4D6010A</string>
			</array>
			<key>isa</key>
			<string>PBXFrameworksBuildPhase</string>
			<key>runOnlyForDeploymentPostprocessing</key>
			<string>0</string>
		</dict>
		<key>110A8A8114E9A30B0013AC07</key>
		<dict>
			<key>buildActionMask</key>
			<string>2147483647</string>
			<key>files</key>
			<array>
				<string>110A8A9214E9A30C0013AC07</string>
				<string>118543F014E9ACD2001761CB</string>
				<string>118543F514E9AFE0001761CB</string>
				<string>1134EC18153D75400041D594</string>
				<string>1133748C169ACED1003E2CE9</string>
			</array>
			<key>isa</key>
			<string>PBXResourcesBuildPhase</string>
			<key>runOnlyForDeploymentPostprocessing</key>
			<string>0</string>
		</dict>
		<key>110A8A8214E9A30B0013AC07</key>
		<dict>
			<key>buildConfigurationList</key>
			<string>110A8A9B14E9A30C0013AC07</string>
			<key>buildPhases</key>
			<array>
				<string>02B885538FC4497EB3396399</string>
				<string>110A8A7F14E9A30B0013AC07</string>
				<string>110A8A8014E9A30B0013AC07</string>
				<string>110A8A8114E9A30B0013AC07</string>
				<string>FD6B4AFE52024923A24E4B6B</string>
				<string>9E0D78EB950BB56C48A49DF9</string>
			</array>
			<key>buildRules</key>
			<array/>
			<key>dependencies</key>
			<array/>
			<key>isa</key>
			<string>PBXNativeTarget</string>
			<key>name</key>
			<string>RSSParser_Sample</string>
			<key>productName</key>
			<string>RSSParser_Sample</string>
			<key>productReference</key>
			<string>110A8A8314E9A30C0013AC07</string>
			<key>productType</key>
			<string>com.apple.product-type.application</string>
		</dict>
		<key>110A8A8314E9A30C0013AC07</key>
		<dict>
			<key>explicitFileType</key>
			<string>wrapper.application</string>
			<key>includeInIndex</key>
			<string>0</string>
			<key>isa</key>
			<string>PBXFileReference</string>
			<key>path</key>
			<string>RSSParser_Sample.app</string>
			<key>sourceTree</key>
			<string>BUILT_PRODUCTS_DIR</string>
		</dict>
		<key>110A8A8414E9A30C0013AC07</key>
		<dict>
			<key>children</key>
			<array>
				<string>110A8A8314E9A30C0013AC07</string>
				<string>113DA6A518452BF5005700B7</string>
			</array>
			<key>isa</key>
			<string>PBXGroup</string>
			<key>name</key>
			<string>Products</string>
			<key>sourceTree</key>
			<string>&lt;group&gt;</string>
		</dict>
		<key>110A8A8614E9A30C0013AC07</key>
		<dict>
			<key>children</key>
			<array>
				<string>110A8A8714E9A30C0013AC07</string>
				<string>110A8A8914E9A30C0013AC07</string>
				<string>110A8A8B14E9A30C0013AC07</string>
				<string>2491A17B4E26435E940E1404</string>
				<string>113DA6A618452BF5005700B7</string>
				<string>4A5D50FCF4044DC3865DCB53</string>
			</array>
			<key>isa</key>
			<string>PBXGroup</string>
			<key>name</key>
			<string>Frameworks</string>
			<key>sourceTree</key>
			<string>&lt;group&gt;</string>
		</dict>
		<key>110A8A8714E9A30C0013AC07</key>
		<dict>
			<key>isa</key>
			<string>PBXFileReference</string>
			<key>lastKnownFileType</key>
			<string>wrapper.framework</string>
			<key>name</key>
			<string>UIKit.framework</string>
			<key>path</key>
			<string>System/Library/Frameworks/UIKit.framework</string>
			<key>sourceTree</key>
			<string>SDKROOT</string>
		</dict>
		<key>110A8A8814E9A30C0013AC07</key>
		<dict>
			<key>fileRef</key>
			<string>110A8A8714E9A30C0013AC07</string>
			<key>isa</key>
			<string>PBXBuildFile</string>
		</dict>
		<key>110A8A8914E9A30C0013AC07</key>
		<dict>
			<key>isa</key>
			<string>PBXFileReference</string>
			<key>lastKnownFileType</key>
			<string>wrapper.framework</string>
			<key>name</key>
			<string>Foundation.framework</string>
			<key>path</key>
			<string>System/Library/Frameworks/Foundation.framework</string>
			<key>sourceTree</key>
			<string>SDKROOT</string>
		</dict>
		<key>110A8A8A14E9A30C0013AC07</key>
		<dict>
			<key>fileRef</key>
			<string>110A8A8914E9A30C0013AC07</string>
			<key>isa</key>
			<string>PBXBuildFile</string>
		</dict>
		<key>110A8A8B14E9A30C0013AC07</key>
		<dict>
			<key>isa</key>
			<string>PBXFileReference</string>
			<key>lastKnownFileType</key>
			<string>wrapper.framework</string>
			<key>name</key>
			<string>CoreGraphics.framework</string>
			<key>path</key>
			<string>System/Library/Frameworks/CoreGraphics.framework</string>
			<key>sourceTree</key>
			<string>SDKROOT</string>
		</dict>
		<key>110A8A8C14E9A30C0013AC07</key>
		<dict>
			<key>fileRef</key>
			<string>110A8A8B14E9A30C0013AC07</string>
			<key>isa</key>
			<string>PBXBuildFile</string>
		</dict>
		<key>110A8A8D14E9A30C0013AC07</key>
		<dict>
			<key>children</key>
			<array>
				<string>110A8A9614E9A30C0013AC07</string>
				<string>110A8A9714E9A30C0013AC07</string>
				<string>110A8A8E14E9A30C0013AC07</string>
				<string>118543EC14E9ACD2001761CB</string>
				<string>118543ED14E9ACD2001761CB</string>
				<string>118543EE14E9ACD2001761CB</string>
				<string>118543F114E9AFE0001761CB</string>
				<string>118543F214E9AFE0001761CB</string>
				<string>118543F314E9AFE0001761CB</string>
			</array>
			<key>isa</key>
			<string>PBXGroup</string>
			<key>path</key>
			<string>RSSParser_Sample</string>
			<key>sourceTree</key>
			<string>&lt;group&gt;</string>
		</dict>
		<key>110A8A8E14E9A30C0013AC07</key>
		<dict>
			<key>children</key>
			<array>
				<string>1133748B169ACED1003E2CE9</string>
				<string>1134EC17153D75400041D594</string>
				<string>110A8A8F14E9A30C0013AC07</string>
				<string>110A8A9014E9A30C0013AC07</string>
				<string>110A8A9314E9A30C0013AC07</string>
				<string>110A8A9514E9A30C0013AC07</string>
			</array>
			<key>isa</key>
			<string>PBXGroup</string>
			<key>name</key>
			<string>Supporting Files</string>
			<key>sourceTree</key>
			<string>&lt;group&gt;</string>
		</dict>
		<key>110A8A8F14E9A30C0013AC07</key>
		<dict>
			<key>isa</key>
			<string>PBXFileReference</string>
			<key>lastKnownFileType</key>
			<string>text.plist.xml</string>
			<key>path</key>
			<string>RSSParser_Sample-Info.plist</string>
			<key>sourceTree</key>
			<string>&lt;group&gt;</string>
		</dict>
		<key>110A8A9014E9A30C0013AC07</key>
		<dict>
			<key>children</key>
			<array>
				<string>110A8A9114E9A30C0013AC07</string>
			</array>
			<key>isa</key>
			<string>PBXVariantGroup</string>
			<key>name</key>
			<string>InfoPlist.strings</string>
			<key>sourceTree</key>
			<string>&lt;group&gt;</string>
		</dict>
		<key>110A8A9114E9A30C0013AC07</key>
		<dict>
			<key>isa</key>
			<string>PBXFileReference</string>
			<key>lastKnownFileType</key>
			<string>text.plist.strings</string>
			<key>name</key>
			<string>en</string>
			<key>path</key>
			<string>en.lproj/InfoPlist.strings</string>
			<key>sourceTree</key>
			<string>&lt;group&gt;</string>
		</dict>
		<key>110A8A9214E9A30C0013AC07</key>
		<dict>
			<key>fileRef</key>
			<string>110A8A9014E9A30C0013AC07</string>
			<key>isa</key>
			<string>PBXBuildFile</string>
		</dict>
		<key>110A8A9314E9A30C0013AC07</key>
		<dict>
			<key>isa</key>
			<string>PBXFileReference</string>
			<key>lastKnownFileType</key>
			<string>sourcecode.c.objc</string>
			<key>path</key>
			<string>main.m</string>
			<key>sourceTree</key>
			<string>&lt;group&gt;</string>
		</dict>
		<key>110A8A9414E9A30C0013AC07</key>
		<dict>
			<key>fileRef</key>
			<string>110A8A9314E9A30C0013AC07</string>
			<key>isa</key>
			<string>PBXBuildFile</string>
		</dict>
		<key>110A8A9514E9A30C0013AC07</key>
		<dict>
			<key>isa</key>
			<string>PBXFileReference</string>
			<key>lastKnownFileType</key>
			<string>sourcecode.c.h</string>
			<key>path</key>
			<string>RSSParser_Sample-Prefix.pch</string>
			<key>sourceTree</key>
			<string>&lt;group&gt;</string>
		</dict>
		<key>110A8A9614E9A30C0013AC07</key>
		<dict>
			<key>isa</key>
			<string>PBXFileReference</string>
			<key>lastKnownFileType</key>
			<string>sourcecode.c.h</string>
			<key>path</key>
			<string>AppDelegate.h</string>
			<key>sourceTree</key>
			<string>&lt;group&gt;</string>
		</dict>
		<key>110A8A9714E9A30C0013AC07</key>
		<dict>
			<key>isa</key>
			<string>PBXFileReference</string>
			<key>lastKnownFileType</key>
			<string>sourcecode.c.objc</string>
			<key>path</key>
			<string>AppDelegate.m</string>
			<key>sourceTree</key>
			<string>&lt;group&gt;</string>
		</dict>
		<key>110A8A9814E9A30C0013AC07</key>
		<dict>
			<key>fileRef</key>
			<string>110A8A9714E9A30C0013AC07</string>
			<key>isa</key>
			<string>PBXBuildFile</string>
		</dict>
		<key>110A8A9914E9A30C0013AC07</key>
		<dict>
			<key>buildSettings</key>
			<dict>
				<key>ALWAYS_SEARCH_USER_PATHS</key>
				<string>NO</string>
				<key>ARCHS</key>
				<string>$(ARCHS_STANDARD_32_BIT)</string>
				<key>CLANG_ENABLE_OBJC_ARC</key>
				<string>YES</string>
				<key>CODE_SIGN_IDENTITY[sdk=iphoneos*]</key>
				<string>iPhone Developer</string>
				<key>COPY_PHASE_STRIP</key>
				<string>NO</string>
				<key>GCC_C_LANGUAGE_STANDARD</key>
				<string>gnu99</string>
				<key>GCC_DYNAMIC_NO_PIC</key>
				<string>NO</string>
				<key>GCC_OPTIMIZATION_LEVEL</key>
				<string>0</string>
				<key>GCC_PREPROCESSOR_DEFINITIONS</key>
				<array>
					<string>DEBUG=1</string>
					<string>$(inherited)</string>
				</array>
				<key>GCC_SYMBOLS_PRIVATE_EXTERN</key>
				<string>NO</string>
				<key>GCC_VERSION</key>
				<string>com.apple.compilers.llvm.clang.1_0</string>
				<key>GCC_WARN_ABOUT_MISSING_PROTOTYPES</key>
				<string>YES</string>
				<key>GCC_WARN_ABOUT_RETURN_TYPE</key>
				<string>YES</string>
				<key>GCC_WARN_UNUSED_VARIABLE</key>
				<string>YES</string>
				<key>IPHONEOS_DEPLOYMENT_TARGET</key>
				<string>5.0</string>
				<key>SDKROOT</key>
				<string>iphoneos</string>
			</dict>
			<key>isa</key>
			<string>XCBuildConfiguration</string>
			<key>name</key>
			<string>Debug</string>
		</dict>
		<key>110A8A9A14E9A30C0013AC07</key>
		<dict>
			<key>buildSettings</key>
			<dict>
				<key>ALWAYS_SEARCH_USER_PATHS</key>
				<string>NO</string>
				<key>ARCHS</key>
				<string>$(ARCHS_STANDARD_32_BIT)</string>
				<key>CLANG_ENABLE_OBJC_ARC</key>
				<string>YES</string>
				<key>CODE_SIGN_IDENTITY[sdk=iphoneos*]</key>
				<string>iPhone Developer</string>
				<key>COPY_PHASE_STRIP</key>
				<string>YES</string>
				<key>GCC_C_LANGUAGE_STANDARD</key>
				<string>gnu99</string>
				<key>GCC_VERSION</key>
				<string>com.apple.compilers.llvm.clang.1_0</string>
				<key>GCC_WARN_ABOUT_MISSING_PROTOTYPES</key>
				<string>YES</string>
				<key>GCC_WARN_ABOUT_RETURN_TYPE</key>
				<string>YES</string>
				<key>GCC_WARN_UNUSED_VARIABLE</key>
				<string>YES</string>
				<key>IPHONEOS_DEPLOYMENT_TARGET</key>
				<string>5.0</string>
				<key>OTHER_CFLAGS</key>
				<string>-DNS_BLOCK_ASSERTIONS=1</string>
				<key>SDKROOT</key>
				<string>iphoneos</string>
				<key>VALIDATE_PRODUCT</key>
				<string>YES</string>
			</dict>
			<key>isa</key>
			<string>XCBuildConfiguration</string>
			<key>name</key>
			<string>Release</string>
		</dict>
		<key>110A8A9B14E9A30C0013AC07</key>
		<dict>
			<key>buildConfigurations</key>
			<array>
				<string>110A8A9C14E9A30C0013AC07</string>
				<string>110A8A9D14E9A30C0013AC07</string>
			</array>
			<key>defaultConfigurationIsVisible</key>
			<string>0</string>
			<key>defaultConfigurationName</key>
			<string>Release</string>
			<key>isa</key>
			<string>XCConfigurationList</string>
		</dict>
		<key>110A8A9C14E9A30C0013AC07</key>
		<dict>
			<key>baseConfigurationReference</key>
			<string>A26502ECE3DBCDF160B2E1DC</string>
			<key>buildSettings</key>
			<dict>
				<key>GCC_PRECOMPILE_PREFIX_HEADER</key>
				<string>YES</string>
				<key>GCC_PREFIX_HEADER</key>
				<string>RSSParser_Sample/RSSParser_Sample-Prefix.pch</string>
				<key>INFOPLIST_FILE</key>
				<string>RSSParser_Sample/RSSParser_Sample-Info.plist</string>
				<key>IPHONEOS_DEPLOYMENT_TARGET</key>
				<string>7.0</string>
				<key>PRODUCT_NAME</key>
				<string>$(TARGET_NAME)</string>
				<key>WRAPPER_EXTENSION</key>
				<string>app</string>
			</dict>
			<key>isa</key>
			<string>XCBuildConfiguration</string>
			<key>name</key>
			<string>Debug</string>
		</dict>
		<key>110A8A9D14E9A30C0013AC07</key>
		<dict>
			<key>baseConfigurationReference</key>
			<string>C9AA89FCEC971A506342042C</string>
			<key>buildSettings</key>
			<dict>
				<key>GCC_PRECOMPILE_PREFIX_HEADER</key>
				<string>YES</string>
				<key>GCC_PREFIX_HEADER</key>
				<string>RSSParser_Sample/RSSParser_Sample-Prefix.pch</string>
				<key>INFOPLIST_FILE</key>
				<string>RSSParser_Sample/RSSParser_Sample-Info.plist</string>
				<key>IPHONEOS_DEPLOYMENT_TARGET</key>
				<string>7.0</string>
				<key>PRODUCT_NAME</key>
				<string>$(TARGET_NAME)</string>
				<key>WRAPPER_EXTENSION</key>
				<string>app</string>
			</dict>
			<key>isa</key>
			<string>XCBuildConfiguration</string>
			<key>name</key>
			<string>Release</string>
		</dict>
		<key>1133748B169ACED1003E2CE9</key>
		<dict>
			<key>isa</key>
			<string>PBXFileReference</string>
			<key>lastKnownFileType</key>
			<string>image.png</string>
			<key>path</key>
			<string>Default-568h@2x.png</string>
			<key>sourceTree</key>
			<string>&lt;group&gt;</string>
		</dict>
		<key>1133748C169ACED1003E2CE9</key>
		<dict>
			<key>fileRef</key>
			<string>1133748B169ACED1003E2CE9</string>
			<key>isa</key>
			<string>PBXBuildFile</string>
		</dict>
		<key>1133748E169ACF5A003E2CE9</key>
		<dict>
			<key>fileEncoding</key>
			<string>4</string>
			<key>isa</key>
			<string>PBXFileReference</string>
			<key>lastKnownFileType</key>
			<string>text</string>
			<key>name</key>
			<string>README.md</string>
			<key>path</key>
			<string>../README.md</string>
			<key>sourceTree</key>
			<string>&lt;group&gt;</string>
		</dict>
		<key>11337490169ACF5F003E2CE9</key>
		<dict>
			<key>fileEncoding</key>
			<string>4</string>
			<key>isa</key>
			<string>PBXFileReference</string>
			<key>lastKnownFileType</key>
			<string>text</string>
			<key>name</key>
			<string>LICENSE</string>
			<key>path</key>
			<string>../LICENSE</string>
			<key>sourceTree</key>
			<string>&lt;group&gt;</string>
		</dict>
		<key>11337496169AD3AF003E2CE9</key>
		<dict>
			<key>isa</key>
			<string>PBXFileReference</string>
			<key>lastKnownFileType</key>
			<string>text</string>
			<key>name</key>
			<string>BlockRSSParser.podspec</string>
			<key>path</key>
			<string>../BlockRSSParser.podspec</string>
			<key>sourceTree</key>
			<string>&lt;group&gt;</string>
		</dict>
		<key>1134EC17153D75400041D594</key>
		<dict>
			<key>isa</key>
			<string>PBXFileReference</string>
			<key>lastKnownFileType</key>
			<string>image.png</string>
			<key>path</key>
			<string>placeholder.png</string>
			<key>sourceTree</key>
			<string>&lt;group&gt;</string>
		</dict>
		<key>1134EC18153D75400041D594</key>
		<dict>
			<key>fileRef</key>
			<string>1134EC17153D75400041D594</string>
			<key>isa</key>
			<string>PBXBuildFile</string>
		</dict>
		<key>113DA6A118452BF4005700B7</key>
		<dict>
			<key>buildActionMask</key>
			<string>2147483647</string>
			<key>files</key>
			<array>
				<string>113DA6B91845F7A5005700B7</string>
			</array>
			<key>isa</key>
			<string>PBXSourcesBuildPhase</string>
			<key>runOnlyForDeploymentPostprocessing</key>
			<string>0</string>
		</dict>
		<key>113DA6A218452BF4005700B7</key>
		<dict>
			<key>buildActionMask</key>
			<string>2147483647</string>
			<key>files</key>
			<array>
				<string>113DA6A718452BF5005700B7</string>
				<string>113DA6A918452BF5005700B7</string>
				<string>113DA6A818452BF5005700B7</string>
				<string>C6E456351B014048A1E4434B</string>
			</array>
			<key>isa</key>
			<string>PBXFrameworksBuildPhase</string>
			<key>runOnlyForDeploymentPostprocessing</key>
			<string>0</string>
		</dict>
		<key>113DA6A318452BF4005700B7</key>
		<dict>
			<key>buildActionMask</key>
			<string>2147483647</string>
			<key>files</key>
			<array>
				<string>113DA6C0184605BE005700B7</string>
				<string>113DA6BC1845F91E005700B7</string>
				<string>113DA6AF18452BF5005700B7</string>
			</array>
			<key>isa</key>
			<string>PBXResourcesBuildPhase</string>
			<key>runOnlyForDeploymentPostprocessing</key>
			<string>0</string>
		</dict>
		<key>113DA6A418452BF4005700B7</key>
		<dict>
			<key>buildConfigurationList</key>
			<string>113DA6B718452BF5005700B7</string>
			<key>buildPhases</key>
			<array>
				<string>9B69B36826794FA0AC47656A</string>
				<string>113DA6A118452BF4005700B7</string>
				<string>113DA6A218452BF4005700B7</string>
				<string>113DA6A318452BF4005700B7</string>
				<string>9A74086EDA07470C9E625107</string>
				<string>B5B317CDA54BF55D75899F35</string>
			</array>
			<key>buildRules</key>
			<array/>
			<key>dependencies</key>
			<array>
				<string>113DA6B418452BF5005700B7</string>
			</array>
			<key>isa</key>
			<string>PBXNativeTarget</string>
			<key>name</key>
			<string>Tests</string>
			<key>productName</key>
			<string>Tests</string>
			<key>productReference</key>
			<string>113DA6A518452BF5005700B7</string>
			<key>productType</key>
			<string>com.apple.product-type.bundle.unit-test</string>
		</dict>
		<key>113DA6A518452BF5005700B7</key>
		<dict>
			<key>explicitFileType</key>
			<string>wrapper.cfbundle</string>
			<key>includeInIndex</key>
			<string>0</string>
			<key>isa</key>
			<string>PBXFileReference</string>
			<key>path</key>
			<string>Tests.xctest</string>
			<key>sourceTree</key>
			<string>BUILT_PRODUCTS_DIR</string>
		</dict>
		<key>113DA6A618452BF5005700B7</key>
		<dict>
			<key>isa</key>
			<string>PBXFileReference</string>
			<key>lastKnownFileType</key>
			<string>wrapper.framework</string>
			<key>name</key>
			<string>XCTest.framework</string>
			<key>path</key>
			<string>Library/Frameworks/XCTest.framework</string>
			<key>sourceTree</key>
			<string>DEVELOPER_DIR</string>
		</dict>
		<key>113DA6A718452BF5005700B7</key>
		<dict>
			<key>fileRef</key>
			<string>113DA6A618452BF5005700B7</string>
			<key>isa</key>
			<string>PBXBuildFile</string>
		</dict>
		<key>113DA6A818452BF5005700B7</key>
		<dict>
			<key>fileRef</key>
			<string>110A8A8914E9A30C0013AC07</string>
			<key>isa</key>
			<string>PBXBuildFile</string>
		</dict>
		<key>113DA6A918452BF5005700B7</key>
		<dict>
			<key>fileRef</key>
			<string>110A8A8714E9A30C0013AC07</string>
			<key>isa</key>
			<string>PBXBuildFile</string>
		</dict>
		<key>113DA6AA18452BF5005700B7</key>
		<dict>
			<key>children</key>
			<array>
				<string>113DA6BA1845F907005700B7</string>
				<string>113DA6AB18452BF5005700B7</string>
				<string>113DA6B81845F7A5005700B7</string>
			</array>
			<key>isa</key>
			<string>PBXGroup</string>
			<key>path</key>
			<string>Tests</string>
			<key>sourceTree</key>
			<string>&lt;group&gt;</string>
		</dict>
		<key>113DA6AB18452BF5005700B7</key>
		<dict>
			<key>children</key>
			<array>
				<string>113DA6AC18452BF5005700B7</string>
				<string>113DA6AD18452BF5005700B7</string>
				<string>113DA6B218452BF5005700B7</string>
			</array>
			<key>isa</key>
			<string>PBXGroup</string>
			<key>name</key>
			<string>Supporting Files</string>
			<key>sourceTree</key>
			<string>&lt;group&gt;</string>
		</dict>
		<key>113DA6AC18452BF5005700B7</key>
		<dict>
			<key>isa</key>
			<string>PBXFileReference</string>
			<key>lastKnownFileType</key>
			<string>text.plist.xml</string>
			<key>path</key>
			<string>Tests-Info.plist</string>
			<key>sourceTree</key>
			<string>&lt;group&gt;</string>
		</dict>
		<key>113DA6AD18452BF5005700B7</key>
		<dict>
			<key>children</key>
			<array>
				<string>113DA6AE18452BF5005700B7</string>
			</array>
			<key>isa</key>
			<string>PBXVariantGroup</string>
			<key>name</key>
			<string>InfoPlist.strings</string>
			<key>sourceTree</key>
			<string>&lt;group&gt;</string>
		</dict>
		<key>113DA6AE18452BF5005700B7</key>
		<dict>
			<key>isa</key>
			<string>PBXFileReference</string>
			<key>lastKnownFileType</key>
			<string>text.plist.strings</string>
			<key>name</key>
			<string>en</string>
			<key>path</key>
			<string>en.lproj/InfoPlist.strings</string>
			<key>sourceTree</key>
			<string>&lt;group&gt;</string>
		</dict>
		<key>113DA6AF18452BF5005700B7</key>
		<dict>
			<key>fileRef</key>
			<string>113DA6AD18452BF5005700B7</string>
			<key>isa</key>
			<string>PBXBuildFile</string>
		</dict>
		<key>113DA6B218452BF5005700B7</key>
		<dict>
			<key>isa</key>
			<string>PBXFileReference</string>
			<key>lastKnownFileType</key>
			<string>sourcecode.c.h</string>
			<key>path</key>
			<string>Tests-Prefix.pch</string>
			<key>sourceTree</key>
			<string>&lt;group&gt;</string>
		</dict>
		<key>113DA6B318452BF5005700B7</key>
		<dict>
			<key>containerPortal</key>
			<string>110A8A7A14E9A30A0013AC07</string>
			<key>isa</key>
			<string>PBXContainerItemProxy</string>
			<key>proxyType</key>
			<string>1</string>
			<key>remoteGlobalIDString</key>
			<string>110A8A8214E9A30B0013AC07</string>
			<key>remoteInfo</key>
			<string>RSSParser_Sample</string>
		</dict>
		<key>113DA6B418452BF5005700B7</key>
		<dict>
			<key>isa</key>
			<string>PBXTargetDependency</string>
			<key>target</key>
			<string>110A8A8214E9A30B0013AC07</string>
			<key>targetProxy</key>
			<string>113DA6B318452BF5005700B7</string>
		</dict>
		<key>113DA6B518452BF5005700B7</key>
		<dict>
			<key>baseConfigurationReference</key>
			<string>876783A82877C73770581618</string>
			<key>buildSettings</key>
			<dict>
				<key>ARCHS</key>
				<string>$(ARCHS_STANDARD_INCLUDING_64_BIT)</string>
				<key>BUNDLE_LOADER</key>
				<string>$(BUILT_PRODUCTS_DIR)/RSSParser_Sample.app/RSSParser_Sample</string>
				<key>CLANG_CXX_LANGUAGE_STANDARD</key>
				<string>gnu++0x</string>
				<key>CLANG_CXX_LIBRARY</key>
				<string>libc++</string>
				<key>CLANG_ENABLE_MODULES</key>
				<string>YES</string>
				<key>CLANG_WARN_BOOL_CONVERSION</key>
				<string>YES</string>
				<key>CLANG_WARN_CONSTANT_CONVERSION</key>
				<string>YES</string>
				<key>CLANG_WARN_DIRECT_OBJC_ISA_USAGE</key>
				<string>YES_ERROR</string>
				<key>CLANG_WARN_EMPTY_BODY</key>
				<string>YES</string>
				<key>CLANG_WARN_ENUM_CONVERSION</key>
				<string>YES</string>
				<key>CLANG_WARN_INT_CONVERSION</key>
				<string>YES</string>
				<key>CLANG_WARN_OBJC_ROOT_CLASS</key>
				<string>YES_ERROR</string>
				<key>CLANG_WARN__DUPLICATE_METHOD_MATCH</key>
				<string>YES</string>
				<key>FRAMEWORK_SEARCH_PATHS</key>
				<array>
					<string>$(SDKROOT)/Developer/Library/Frameworks</string>
					<string>$(inherited)</string>
					<string>$(DEVELOPER_FRAMEWORKS_DIR)</string>
				</array>
				<key>GCC_PRECOMPILE_PREFIX_HEADER</key>
				<string>YES</string>
				<key>GCC_PREFIX_HEADER</key>
				<string>Tests/Tests-Prefix.pch</string>
				<key>GCC_PREPROCESSOR_DEFINITIONS</key>
				<array>
					<string>DEBUG=1</string>
					<string>$(inherited)</string>
				</array>
				<key>GCC_WARN_64_TO_32_BIT_CONVERSION</key>
				<string>YES</string>
				<key>GCC_WARN_ABOUT_RETURN_TYPE</key>
				<string>YES_ERROR</string>
				<key>GCC_WARN_UNDECLARED_SELECTOR</key>
				<string>YES</string>
				<key>GCC_WARN_UNINITIALIZED_AUTOS</key>
				<string>YES</string>
				<key>GCC_WARN_UNUSED_FUNCTION</key>
				<string>YES</string>
				<key>INFOPLIST_FILE</key>
				<string>Tests/Tests-Info.plist</string>
				<key>IPHONEOS_DEPLOYMENT_TARGET</key>
				<string>7.0</string>
				<key>ONLY_ACTIVE_ARCH</key>
				<string>YES</string>
				<key>PRODUCT_NAME</key>
				<string>$(TARGET_NAME)</string>
				<key>TEST_HOST</key>
				<string>$(BUNDLE_LOADER)</string>
				<key>WRAPPER_EXTENSION</key>
				<string>xctest</string>
			</dict>
			<key>isa</key>
			<string>XCBuildConfiguration</string>
			<key>name</key>
			<string>Debug</string>
		</dict>
		<key>113DA6B618452BF5005700B7</key>
		<dict>
			<key>baseConfigurationReference</key>
			<string>91621EAD797C68731151839F</string>
			<key>buildSettings</key>
			<dict>
				<key>ARCHS</key>
				<string>$(ARCHS_STANDARD_INCLUDING_64_BIT)</string>
				<key>BUNDLE_LOADER</key>
				<string>$(BUILT_PRODUCTS_DIR)/RSSParser_Sample.app/RSSParser_Sample</string>
				<key>CLANG_CXX_LANGUAGE_STANDARD</key>
				<string>gnu++0x</string>
				<key>CLANG_CXX_LIBRARY</key>
				<string>libc++</string>
				<key>CLANG_ENABLE_MODULES</key>
				<string>YES</string>
				<key>CLANG_WARN_BOOL_CONVERSION</key>
				<string>YES</string>
				<key>CLANG_WARN_CONSTANT_CONVERSION</key>
				<string>YES</string>
				<key>CLANG_WARN_DIRECT_OBJC_ISA_USAGE</key>
				<string>YES_ERROR</string>
				<key>CLANG_WARN_EMPTY_BODY</key>
				<string>YES</string>
				<key>CLANG_WARN_ENUM_CONVERSION</key>
				<string>YES</string>
				<key>CLANG_WARN_INT_CONVERSION</key>
				<string>YES</string>
				<key>CLANG_WARN_OBJC_ROOT_CLASS</key>
				<string>YES_ERROR</string>
				<key>CLANG_WARN__DUPLICATE_METHOD_MATCH</key>
				<string>YES</string>
				<key>ENABLE_NS_ASSERTIONS</key>
				<string>NO</string>
				<key>FRAMEWORK_SEARCH_PATHS</key>
				<array>
					<string>$(SDKROOT)/Developer/Library/Frameworks</string>
					<string>$(inherited)</string>
					<string>$(DEVELOPER_FRAMEWORKS_DIR)</string>
				</array>
				<key>GCC_PRECOMPILE_PREFIX_HEADER</key>
				<string>YES</string>
				<key>GCC_PREFIX_HEADER</key>
				<string>Tests/Tests-Prefix.pch</string>
				<key>GCC_WARN_64_TO_32_BIT_CONVERSION</key>
				<string>YES</string>
				<key>GCC_WARN_ABOUT_RETURN_TYPE</key>
				<string>YES_ERROR</string>
				<key>GCC_WARN_UNDECLARED_SELECTOR</key>
				<string>YES</string>
				<key>GCC_WARN_UNINITIALIZED_AUTOS</key>
				<string>YES</string>
				<key>GCC_WARN_UNUSED_FUNCTION</key>
				<string>YES</string>
				<key>INFOPLIST_FILE</key>
				<string>Tests/Tests-Info.plist</string>
				<key>IPHONEOS_DEPLOYMENT_TARGET</key>
				<string>7.0</string>
				<key>PRODUCT_NAME</key>
				<string>$(TARGET_NAME)</string>
				<key>TEST_HOST</key>
				<string>$(BUNDLE_LOADER)</string>
				<key>WRAPPER_EXTENSION</key>
				<string>xctest</string>
			</dict>
			<key>isa</key>
			<string>XCBuildConfiguration</string>
			<key>name</key>
			<string>Release</string>
		</dict>
		<key>113DA6B718452BF5005700B7</key>
		<dict>
			<key>buildConfigurations</key>
			<array>
				<string>113DA6B518452BF5005700B7</string>
				<string>113DA6B618452BF5005700B7</string>
			</array>
			<key>defaultConfigurationIsVisible</key>
			<string>0</string>
			<key>defaultConfigurationName</key>
			<string>Release</string>
			<key>isa</key>
			<string>XCConfigurationList</string>
		</dict>
		<key>113DA6B81845F7A5005700B7</key>
		<dict>
			<key>fileEncoding</key>
			<string>4</string>
			<key>isa</key>
			<string>PBXFileReference</string>
			<key>lastKnownFileType</key>
			<string>sourcecode.c.objc</string>
			<key>path</key>
			<string>RSSParserTests.m</string>
			<key>sourceTree</key>
			<string>&lt;group&gt;</string>
		</dict>
		<key>113DA6B91845F7A5005700B7</key>
		<dict>
			<key>fileRef</key>
			<string>113DA6B81845F7A5005700B7</string>
			<key>isa</key>
			<string>PBXBuildFile</string>
		</dict>
		<key>113DA6BA1845F907005700B7</key>
		<dict>
			<key>children</key>
			<array>
				<string>113DA6BF184605BE005700B7</string>
				<string>113DA6BB1845F91E005700B7</string>
			</array>
			<key>isa</key>
			<string>PBXGroup</string>
			<key>path</key>
			<string>Mocks</string>
			<key>sourceTree</key>
			<string>&lt;group&gt;</string>
		</dict>
		<key>113DA6BB1845F91E005700B7</key>
		<dict>
			<key>fileEncoding</key>
			<string>4</string>
			<key>isa</key>
			<string>PBXFileReference</string>
			<key>lastKnownFileType</key>
			<string>text.xml</string>
			<key>path</key>
			<string>atom.xml</string>
			<key>sourceTree</key>
			<string>&lt;group&gt;</string>
		</dict>
		<key>113DA6BC1845F91E005700B7</key>
		<dict>
			<key>fileRef</key>
			<string>113DA6BB1845F91E005700B7</string>
			<key>isa</key>
			<string>PBXBuildFile</string>
		</dict>
		<key>113DA6BF184605BE005700B7</key>
		<dict>
			<key>fileEncoding</key>
			<string>4</string>
			<key>isa</key>
			<string>PBXFileReference</string>
			<key>lastKnownFileType</key>
			<string>text.xml</string>
			<key>path</key>
			<string>rsswordpress.xml</string>
			<key>sourceTree</key>
			<string>&lt;group&gt;</string>
		</dict>
		<key>113DA6C0184605BE005700B7</key>
		<dict>
			<key>fileRef</key>
			<string>113DA6BF184605BE005700B7</string>
			<key>isa</key>
			<string>PBXBuildFile</string>
		</dict>
		<key>118543C114E9AC20001761CB</key>
		<dict>
			<key>children</key>
			<array>
				<string>118543C214E9AC20001761CB</string>
				<string>118543C314E9AC20001761CB</string>
				<string>118543C414E9AC20001761CB</string>
				<string>118543C514E9AC20001761CB</string>
				<string>152878281BB45C980084555C</string>
				<string>152878291BB45C980084555C</string>
			</array>
			<key>isa</key>
			<string>PBXGroup</string>
			<key>name</key>
			<string>RSSParser</string>
			<key>path</key>
			<string>../RSSParser</string>
			<key>sourceTree</key>
			<string>&lt;group&gt;</string>
		</dict>
		<key>118543C214E9AC20001761CB</key>
		<dict>
			<key>fileEncoding</key>
			<string>4</string>
			<key>isa</key>
			<string>PBXFileReference</string>
			<key>lastKnownFileType</key>
			<string>sourcecode.c.h</string>
			<key>path</key>
			<string>RSSItem.h</string>
			<key>sourceTree</key>
			<string>&lt;group&gt;</string>
		</dict>
		<key>118543C314E9AC20001761CB</key>
		<dict>
			<key>fileEncoding</key>
			<string>4</string>
			<key>isa</key>
			<string>PBXFileReference</string>
			<key>lastKnownFileType</key>
			<string>sourcecode.c.objc</string>
			<key>path</key>
			<string>RSSItem.m</string>
			<key>sourceTree</key>
			<string>&lt;group&gt;</string>
		</dict>
		<key>118543C414E9AC20001761CB</key>
		<dict>
			<key>fileEncoding</key>
			<string>4</string>
			<key>isa</key>
			<string>PBXFileReference</string>
			<key>lastKnownFileType</key>
			<string>sourcecode.c.h</string>
			<key>path</key>
			<string>RSSParser.h</string>
			<key>sourceTree</key>
			<string>&lt;group&gt;</string>
		</dict>
		<key>118543C514E9AC20001761CB</key>
		<dict>
			<key>fileEncoding</key>
			<string>4</string>
			<key>isa</key>
			<string>PBXFileReference</string>
			<key>lastKnownFileType</key>
			<string>sourcecode.c.objc</string>
			<key>path</key>
			<string>RSSParser.m</string>
			<key>sourceTree</key>
			<string>&lt;group&gt;</string>
		</dict>
		<key>118543C614E9AC20001761CB</key>
		<dict>
			<key>fileRef</key>
			<string>118543C314E9AC20001761CB</string>
			<key>isa</key>
			<string>PBXBuildFile</string>
		</dict>
		<key>118543C714E9AC20001761CB</key>
		<dict>
			<key>fileRef</key>
			<string>118543C514E9AC20001761CB</string>
			<key>isa</key>
			<string>PBXBuildFile</string>
		</dict>
		<key>118543EC14E9ACD2001761CB</key>
		<dict>
			<key>fileEncoding</key>
			<string>4</string>
			<key>isa</key>
			<string>PBXFileReference</string>
			<key>lastKnownFileType</key>
			<string>sourcecode.c.h</string>
			<key>path</key>
			<string>ArticlesListeTableViewController.h</string>
			<key>sourceTree</key>
			<string>&lt;group&gt;</string>
		</dict>
		<key>118543ED14E9ACD2001761CB</key>
		<dict>
			<key>fileEncoding</key>
			<string>4</string>
			<key>isa</key>
			<string>PBXFileReference</string>
			<key>lastKnownFileType</key>
			<string>sourcecode.c.objc</string>
			<key>path</key>
			<string>ArticlesListeTableViewController.m</string>
			<key>sourceTree</key>
			<string>&lt;group&gt;</string>
		</dict>
		<key>118543EE14E9ACD2001761CB</key>
		<dict>
			<key>fileEncoding</key>
			<string>4</string>
			<key>isa</key>
			<string>PBXFileReference</string>
			<key>lastKnownFileType</key>
			<string>file.xib</string>
			<key>path</key>
			<string>ArticlesListeTableViewController.xib</string>
			<key>sourceTree</key>
			<string>&lt;group&gt;</string>
		</dict>
		<key>118543EF14E9ACD2001761CB</key>
		<dict>
			<key>fileRef</key>
			<string>118543ED14E9ACD2001761CB</string>
			<key>isa</key>
			<string>PBXBuildFile</string>
		</dict>
		<key>118543F014E9ACD2001761CB</key>
		<dict>
			<key>fileRef</key>
			<string>118543EE14E9ACD2001761CB</string>
			<key>isa</key>
			<string>PBXBuildFile</string>
		</dict>
		<key>118543F114E9AFE0001761CB</key>
		<dict>
			<key>fileEncoding</key>
			<string>4</string>
			<key>isa</key>
			<string>PBXFileReference</string>
			<key>lastKnownFileType</key>
			<string>sourcecode.c.h</string>
			<key>path</key>
			<string>ArticleDetailViewController.h</string>
			<key>sourceTree</key>
			<string>&lt;group&gt;</string>
		</dict>
		<key>118543F214E9AFE0001761CB</key>
		<dict>
			<key>fileEncoding</key>
			<string>4</string>
			<key>isa</key>
			<string>PBXFileReference</string>
			<key>lastKnownFileType</key>
			<string>sourcecode.c.objc</string>
			<key>path</key>
			<string>ArticleDetailViewController.m</string>
			<key>sourceTree</key>
			<string>&lt;group&gt;</string>
		</dict>
		<key>118543F314E9AFE0001761CB</key>
		<dict>
			<key>fileEncoding</key>
			<string>4</string>
			<key>isa</key>
			<string>PBXFileReference</string>
			<key>lastKnownFileType</key>
			<string>file.xib</string>
			<key>path</key>
			<string>ArticleDetailViewController.xib</string>
			<key>sourceTree</key>
			<string>&lt;group&gt;</string>
		</dict>
		<key>118543F414E9AFE0001761CB</key>
		<dict>
			<key>fileRef</key>
			<string>118543F214E9AFE0001761CB</string>
			<key>isa</key>
			<string>PBXBuildFile</string>
		</dict>
		<key>118543F514E9AFE0001761CB</key>
		<dict>
			<key>fileRef</key>
			<string>118543F314E9AFE0001761CB</string>
			<key>isa</key>
			<string>PBXBuildFile</string>
		</dict>
		<key>152878281BB45C980084555C</key>
		<dict>
			<key>fileEncoding</key>
			<string>4</string>
			<key>isa</key>
			<string>PBXFileReference</string>
			<key>lastKnownFileType</key>
			<string>sourcecode.c.h</string>
			<key>path</key>
			<string>NSDate+InternetDateTime.h</string>
			<key>sourceTree</key>
			<string>&lt;group&gt;</string>
		</dict>
		<key>152878291BB45C980084555C</key>
		<dict>
			<key>fileEncoding</key>
			<string>4</string>
			<key>isa</key>
			<string>PBXFileReference</string>
			<key>lastKnownFileType</key>
			<string>sourcecode.c.objc</string>
			<key>path</key>
			<string>NSDate+InternetDateTime.m</string>
			<key>sourceTree</key>
			<string>&lt;group&gt;</string>
		</dict>
		<key>1528782A1BB45C980084555C</key>
		<dict>
			<key>fileRef</key>
			<string>152878291BB45C980084555C</string>
			<key>isa</key>
			<string>PBXBuildFile</string>
		</dict>
		<key>2491A17B4E26435E940E1404</key>
		<dict>
			<key>explicitFileType</key>
			<string>archive.ar</string>
			<key>includeInIndex</key>
			<string>0</string>
			<key>isa</key>
			<string>PBXFileReference</string>
			<key>path</key>
			<string>libPods.a</string>
			<key>sourceTree</key>
			<string>BUILT_PRODUCTS_DIR</string>
		</dict>
		<key>38D21F55D00F4BA7A4D6010A</key>
		<dict>
			<key>fileRef</key>
			<string>2491A17B4E26435E940E1404</string>
			<key>isa</key>
			<string>PBXBuildFile</string>
		</dict>
		<key>4A5D50FCF4044DC3865DCB53</key>
		<dict>
			<key>explicitFileType</key>
			<string>archive.ar</string>
			<key>includeInIndex</key>
			<string>0</string>
			<key>isa</key>
			<string>PBXFileReference</string>
			<key>path</key>
			<string>libPods-Tests.a</string>
			<key>sourceTree</key>
			<string>BUILT_PRODUCTS_DIR</string>
		</dict>
		<key>876783A82877C73770581618</key>
		<dict>
			<key>includeInIndex</key>
			<string>1</string>
			<key>isa</key>
			<string>PBXFileReference</string>
			<key>lastKnownFileType</key>
			<string>text.xcconfig</string>
			<key>name</key>
			<string>Pods-Tests.debug.xcconfig</string>
			<key>path</key>
			<string>Pods/Target Support Files/Pods-Tests/Pods-Tests.debug.xcconfig</string>
			<key>sourceTree</key>
			<string>&lt;group&gt;</string>
		</dict>
		<key>91621EAD797C68731151839F</key>
		<dict>
			<key>includeInIndex</key>
			<string>1</string>
			<key>isa</key>
			<string>PBXFileReference</string>
			<key>lastKnownFileType</key>
			<string>text.xcconfig</string>
			<key>name</key>
			<string>Pods-Tests.release.xcconfig</string>
			<key>path</key>
			<string>Pods/Target Support Files/Pods-Tests/Pods-Tests.release.xcconfig</string>
			<key>sourceTree</key>
			<string>&lt;group&gt;</string>
		</dict>
		<key>9A74086EDA07470C9E625107</key>
		<dict>
			<key>buildActionMask</key>
			<string>2147483647</string>
			<key>files</key>
			<array/>
			<key>inputPaths</key>
			<array/>
			<key>isa</key>
			<string>PBXShellScriptBuildPhase</string>
			<key>name</key>
			<string>Copy Pods Resources</string>
			<key>outputPaths</key>
			<array/>
			<key>runOnlyForDeploymentPostprocessing</key>
			<string>0</string>
			<key>shellPath</key>
			<string>/bin/sh</string>
			<key>shellScript</key>
			<string>"${SRCROOT}/Pods/Target Support Files/Pods-Tests/Pods-Tests-resources.sh"
</string>
			<key>showEnvVarsInLog</key>
			<string>0</string>
		</dict>
		<key>9B69B36826794FA0AC47656A</key>
		<dict>
			<key>buildActionMask</key>
			<string>2147483647</string>
			<key>files</key>
			<array/>
			<key>inputPaths</key>
			<array/>
			<key>isa</key>
			<string>PBXShellScriptBuildPhase</string>
			<key>name</key>
			<string>Check Pods Manifest.lock</string>
			<key>outputPaths</key>
			<array/>
			<key>runOnlyForDeploymentPostprocessing</key>
			<string>0</string>
			<key>shellPath</key>
			<string>/bin/sh</string>
			<key>shellScript</key>
			<string>diff "${PODS_ROOT}/../Podfile.lock" "${PODS_ROOT}/Manifest.lock" &gt; /dev/null
if [[ $? != 0 ]] ; then
    cat &lt;&lt; EOM
error: The sandbox is not in sync with the Podfile.lock. Run 'pod install' or update your CocoaPods installation.
EOM
    exit 1
fi
</string>
			<key>showEnvVarsInLog</key>
			<string>0</string>
		</dict>
		<key>9E0D78EB950BB56C48A49DF9</key>
		<dict>
			<key>buildActionMask</key>
			<string>2147483647</string>
			<key>files</key>
			<array/>
			<key>inputPaths</key>
			<array/>
			<key>isa</key>
			<string>PBXShellScriptBuildPhase</string>
			<key>name</key>
			<string>Embed Pods Frameworks</string>
			<key>outputPaths</key>
			<array/>
			<key>runOnlyForDeploymentPostprocessing</key>
			<string>0</string>
			<key>shellPath</key>
			<string>/bin/sh</string>
			<key>shellScript</key>
			<string>"${SRCROOT}/Pods/Target Support Files/Pods/Pods-frameworks.sh"
</string>
			<key>showEnvVarsInLog</key>
			<string>0</string>
		</dict>
		<key>A26502ECE3DBCDF160B2E1DC</key>
		<dict>
			<key>includeInIndex</key>
			<string>1</string>
			<key>isa</key>
			<string>PBXFileReference</string>
			<key>lastKnownFileType</key>
			<string>text.xcconfig</string>
			<key>name</key>
			<string>Pods.debug.xcconfig</string>
			<key>path</key>
			<string>Pods/Target Support Files/Pods/Pods.debug.xcconfig</string>
			<key>sourceTree</key>
			<string>&lt;group&gt;</string>
		</dict>
		<key>B5B317CDA54BF55D75899F35</key>
		<dict>
			<key>buildActionMask</key>
			<string>2147483647</string>
			<key>files</key>
			<array/>
			<key>inputPaths</key>
			<array/>
			<key>isa</key>
			<string>PBXShellScriptBuildPhase</string>
			<key>name</key>
			<string>Embed Pods Frameworks</string>
			<key>outputPaths</key>
			<array/>
			<key>runOnlyForDeploymentPostprocessing</key>
			<string>0</string>
			<key>shellPath</key>
			<string>/bin/sh</string>
			<key>shellScript</key>
			<string>"${SRCROOT}/Pods/Target Support Files/Pods-Tests/Pods-Tests-frameworks.sh"
</string>
			<key>showEnvVarsInLog</key>
			<string>0</string>
		</dict>
		<key>C6E456351B014048A1E4434B</key>
		<dict>
			<key>fileRef</key>
			<string>4A5D50FCF4044DC3865DCB53</string>
			<key>isa</key>
			<string>PBXBuildFile</string>
		</dict>
		<key>C9AA89FCEC971A506342042C</key>
		<dict>
			<key>includeInIndex</key>
			<string>1</string>
			<key>isa</key>
			<string>PBXFileReference</string>
			<key>lastKnownFileType</key>
			<string>text.xcconfig</string>
			<key>name</key>
			<string>Pods.release.xcconfig</string>
			<key>path</key>
			<string>Pods/Target Support Files/Pods/Pods.release.xcconfig</string>
			<key>sourceTree</key>
			<string>&lt;group&gt;</string>
		</dict>
		<key>DA0619AC16A3127300DB4BB8</key>
		<dict>
			<key>isa</key>
			<string>PBXFileReference</string>
			<key>lastKnownFileType</key>
			<string>wrapper.framework</string>
			<key>name</key>
			<string>SystemConfiguration.framework</string>
			<key>path</key>
			<string>System/Library/Frameworks/SystemConfiguration.framework</string>
			<key>sourceTree</key>
			<string>SDKROOT</string>
		</dict>
		<key>DA0619AD16A3127300DB4BB8</key>
		<dict>
			<key>fileRef</key>
			<string>DA0619AC16A3127300DB4BB8</string>
			<key>isa</key>
			<string>PBXBuildFile</string>
		</dict>
		<key>DA0619AE16A312E200DB4BB8</key>
		<dict>
			<key>isa</key>
			<string>PBXFileReference</string>
			<key>lastKnownFileType</key>
			<string>wrapper.framework</string>
			<key>name</key>
			<string>MobileCoreServices.framework</string>
			<key>path</key>
			<string>System/Library/Frameworks/MobileCoreServices.framework</string>
			<key>sourceTree</key>
			<string>SDKROOT</string>
		</dict>
		<key>DA0619AF16A312E200DB4BB8</key>
		<dict>
			<key>fileRef</key>
			<string>DA0619AE16A312E200DB4BB8</string>
			<key>isa</key>
			<string>PBXBuildFile</string>
		</dict>
		<key>F5F6E4C8F822BBA6689AA215</key>
		<dict>
			<key>children</key>
			<array>
				<string>A26502ECE3DBCDF160B2E1DC</string>
				<string>C9AA89FCEC971A506342042C</string>
				<string>876783A82877C73770581618</string>
				<string>91621EAD797C68731151839F</string>
			</array>
			<key>isa</key>
			<string>PBXGroup</string>
			<key>name</key>
			<string>Pods</string>
			<key>sourceTree</key>
			<string>&lt;group&gt;</string>
		</dict>
		<key>FD6B4AFE52024923A24E4B6B</key>
		<dict>
			<key>buildActionMask</key>
			<string>2147483647</string>
			<key>files</key>
			<array/>
			<key>inputPaths</key>
			<array/>
			<key>isa</key>
			<string>PBXShellScriptBuildPhase</string>
			<key>name</key>
			<string>Copy Pods Resources</string>
			<key>outputPaths</key>
			<array/>
			<key>runOnlyForDeploymentPostprocessing</key>
			<string>0</string>
			<key>shellPath</key>
			<string>/bin/sh</string>
			<key>shellScript</key>
			<string>"${SRCROOT}/Pods/Target Support Files/Pods/Pods-resources.sh"
</string>
			<key>showEnvVarsInLog</key>
			<string>0</string>
		</dict>
	</dict>
	<key>rootObject</key>
	<string>110A8A7A14E9A30A0013AC07</string>
</dict>
</plist>
